<?xml version="1.0" encoding="utf-8"?>
<Project ToolsVersion="4.0" xmlns="http://schemas.microsoft.com/developer/msbuild/2003">
  <ItemGroup>
    <Filter Include="Source Files">
      <UniqueIdentifier>{4FC737F1-C7A5-4376-A066-2A32D752A2FF}</UniqueIdentifier>
      <Extensions>cpp;c;cc;cxx;c++;cppm;ixx;def;odl;idl;hpj;bat;asm;asmx</Extensions>
    </Filter>
    <Filter Include="Header Files">
      <UniqueIdentifier>{93995380-89BD-4b04-88EB-625FBE52EBFB}</UniqueIdentifier>
      <Extensions>h;hh;hpp;hxx;h++;hm;inl;inc;ipp;xsd</Extensions>
    </Filter>
    <Filter Include="Resource Files">
      <UniqueIdentifier>{67DA6AB6-F800-4c08-8B7A-83BB121AAD01}</UniqueIdentifier>
      <Extensions>rc;ico;cur;bmp;dlg;rc2;rct;bin;rgs;gif;jpg;jpeg;jpe;resx;tiff;tif;png;wav;mfcribbon-ms</Extensions>
    </Filter>
    <Filter Include="Header Files\statComponents">
      <UniqueIdentifier>{28bfb3d3-dc39-4d84-9c5c-0a79373cfb00}</UniqueIdentifier>
    </Filter>
    <Filter Include="Header Files\features">
      <UniqueIdentifier>{e635489e-da96-452a-965d-80b27ba4c875}</UniqueIdentifier>
    </Filter>
    <Filter Include="Source Files\features">
      <UniqueIdentifier>{7d7bd39c-7e48-4f02-97db-abc2b6fcde4c}</UniqueIdentifier>
    </Filter>
  </ItemGroup>
  <ItemGroup>
    <ClCompile Include="GenshinSim.cpp">
      <Filter>Source Files</Filter>
    </ClCompile>
    <ClCompile Include="src\component.cpp">
      <Filter>Source Files</Filter>
    </ClCompile>
    <ClCompile Include="src\events\abstract_event.cpp">
      <Filter>Source Files</Filter>
    </ClCompile>
    <ClCompile Include="src\artifact.cpp">
      <Filter>Source Files</Filter>
    </ClCompile>
    <ClCompile Include="src\stat_components\artifact_substat_stat_component.cpp">
      <Filter>Source Files</Filter>
    </ClCompile>
    <ClCompile Include="src\character.cpp">
      <Filter>Source Files</Filter>
    </ClCompile>
    <ClCompile Include="src\character_dict.cpp">
      <Filter>Source Files</Filter>
    </ClCompile>
    <ClCompile Include="src\stat_components\character_stat_growths.cpp">
      <Filter>Source Files</Filter>
    </ClCompile>
    <ClCompile Include="src\combo_list.cpp">
      <Filter>Source Files</Filter>
    </ClCompile>
    <ClCompile Include="src\events\damage_data.cpp">
      <Filter>Source Files</Filter>
    </ClCompile>
    <ClCompile Include="src\events\damage_event.cpp">
      <Filter>Source Files</Filter>
    </ClCompile>
    <ClCompile Include="src\player.cpp">
      <Filter>Source Files</Filter>
    </ClCompile>
    <ClCompile Include="src\read_data.cpp">
      <Filter>Source Files</Filter>
    </ClCompile>
    <ClCompile Include="src\stat_components\character_ascension_stat_component.cpp">
      <Filter>Source Files</Filter>
    </ClCompile>
    <ClCompile Include="src\stat_components\weapon_secondary_stat_component.cpp">
      <Filter>Source Files</Filter>
    </ClCompile>
    <ClCompile Include="src\stat_components\weapon_base_atk_stat_component.cpp">
      <Filter>Source Files</Filter>
    </ClCompile>
    <ClCompile Include="src\weapon.cpp">
      <Filter>Source Files</Filter>
    </ClCompile>
    <ClCompile Include="src\team.cpp">
      <Filter>Source Files</Filter>
    </ClCompile>
    <ClCompile Include="src\events\talent_event.cpp">
      <Filter>Source Files</Filter>
    </ClCompile>
    <ClCompile Include="src\stat_components\stat_modifier.cpp">
      <Filter>Source Files</Filter>
    </ClCompile>
    <ClCompile Include="src\stat_components\stat_component.cpp">
      <Filter>Source Files</Filter>
    </ClCompile>
    <ClCompile Include="src\sim.cpp">
      <Filter>Source Files</Filter>
    </ClCompile>
    <ClCompile Include="src\stat_components\character_base_stat_component.cpp">
      <Filter>Source Files</Filter>
    </ClCompile>
    <ClCompile Include="src\characters\albedo.cpp">
      <Filter>Source Files</Filter>
    </ClCompile>
    <ClCompile Include="src\features\static_feature.cpp">
      <Filter>Source Files\features</Filter>
    </ClCompile>
    <ClCompile Include="src\events\skill_talent_event.cpp">
      <Filter>Source Files</Filter>
    </ClCompile>
    <ClCompile Include="src\events\normal_talent_event.cpp">
      <Filter>Source Files</Filter>
    </ClCompile>
    <ClCompile Include="src\events\burst_talent_event.cpp">
      <Filter>Source Files</Filter>
    </ClCompile>
    <ClCompile Include="src\events\charged_talent_event.cpp">
      <Filter>Source Files</Filter>
    </ClCompile>
    <ClCompile Include="src\events\particle_event.cpp">
      <Filter>Source Files</Filter>
    </ClCompile>
    <ClCompile Include="src\damage_calculation.cpp">
      <Filter>Source Files</Filter>
    </ClCompile>
    <ClCompile Include="src\enemy.cpp">
      <Filter>Source Files</Filter>
    </ClCompile>
    <ClCompile Include="src\monster.cpp">
      <Filter>Source Files</Filter>
    </ClCompile>
    <ClCompile Include="src\features\dynamic_feature.cpp">
      <Filter>Source Files</Filter>
    </ClCompile>
    <ClCompile Include="src\features\abstract_feature.cpp">
      <Filter>Source Files</Filter>
    </ClCompile>
    <ClCompile Include="src\features\stat_modifier_decorator.cpp">
      <Filter>Source Files</Filter>
    </ClCompile>
    <ClCompile Include="src\features\temporary_decorator.cpp">
      <Filter>Source Files</Filter>
    </ClCompile>
    <ClCompile Include="src\talent_scaling.cpp">
      <Filter>Source Files</Filter>
    </ClCompile>
    <ClCompile Include="src\characters\amber.cpp">
      <Filter>Source Files</Filter>
    </ClCompile>
    <ClCompile Include="src\enums\enum_maps.cpp">
      <Filter>Source Files</Filter>
    </ClCompile>
    <ClCompile Include="src\gauges\elemental_gauges.cpp">
      <Filter>Source Files</Filter>
    </ClCompile>
    <ClCompile Include="src\events\transformative_reaction_event.cpp">
      <Filter>Source Files</Filter>
    </ClCompile>
    <ClCompile Include="src\attenuation.cpp">
      <Filter>Source Files</Filter>
    </ClCompile>
    <ClCompile Include="src\gauges\frozen_gauge.cpp">
      <Filter>Source Files</Filter>
    </ClCompile>
    <ClCompile Include="src\gauges\gauge_vector.cpp">
      <Filter>Source Files</Filter>
    </ClCompile>
    <ClCompile Include="src\weapons\swords\mistsplitter.cpp">
      <Filter>Source Files</Filter>
    </ClCompile>
    <ClCompile Include="src\weapons\weapon_dict.cpp">
      <Filter>Source Files</Filter>
    </ClCompile>
    <ClCompile Include="src\features\on_hit_decorator.cpp">
      <Filter>Source Files</Filter>
    </ClCompile>
    <ClCompile Include="src\weapons\swords\skyward_blade.cpp">
      <Filter>Source Files</Filter>
    </ClCompile>
    <ClCompile Include="src\events\linear_refine_damage_event.cpp">
      <Filter>Source Files</Filter>
    </ClCompile>
    <ClCompile Include="src\weapons\swords\freedom_sworn.cpp">
      <Filter>Source Files</Filter>
    </ClCompile>
    <ClCompile Include="src\features\feature_stat_container.cpp">
      <Filter>Source Files</Filter>
    </ClCompile>
    <ClCompile Include="src\stat_components\linear_refine_stat_modifier.cpp">
      <Filter>Source Files</Filter>
    </ClCompile>
  </ItemGroup>
  <ItemGroup>
    <ClInclude Include="include\component.h">
      <Filter>Header Files</Filter>
    </ClInclude>
    <ClInclude Include="include\stat_components\stat_component.h">
      <Filter>Header Files</Filter>
    </ClInclude>
    <ClInclude Include="include\sim.h">
      <Filter>Header Files</Filter>
    </ClInclude>
    <ClInclude Include="include\events\abstract_event.h">
      <Filter>Header Files</Filter>
    </ClInclude>
    <ClInclude Include="include\events\damage_event.h">
      <Filter>Header Files</Filter>
    </ClInclude>
    <ClInclude Include="include\stat_components\character_base_stat_component.h">
      <Filter>Header Files</Filter>
    </ClInclude>
    <ClInclude Include="include\stat_components\character_stat_growths.h">
      <Filter>Header Files</Filter>
    </ClInclude>
    <ClInclude Include="include\stat_components\character_ascension_stat_component.h">
      <Filter>Header Files</Filter>
    </ClInclude>
    <ClInclude Include="include\character.h">
      <Filter>Header Files</Filter>
    </ClInclude>
    <ClInclude Include="include\events\talent_event.h">
      <Filter>Header Files</Filter>
    </ClInclude>
    <ClInclude Include="include\character_dict.h">
      <Filter>Header Files</Filter>
    </ClInclude>
    <ClInclude Include="include\characters\albedo.h">
      <Filter>Header Files</Filter>
    </ClInclude>
    <ClInclude Include="include\stat_components\stat_modifier.h">
      <Filter>Header Files</Filter>
    </ClInclude>
    <ClInclude Include="include\player.h">
      <Filter>Header Files</Filter>
    </ClInclude>
    <ClInclude Include="include\team.h">
      <Filter>Header Files</Filter>
    </ClInclude>
    <ClInclude Include="include\combo_list.h">
      <Filter>Header Files</Filter>
    </ClInclude>
    <ClInclude Include="include\rapidcsv.h">
      <Filter>Header Files</Filter>
    </ClInclude>
    <ClInclude Include="include\stat_components\artifact_substat_stat_component.h">
      <Filter>Header Files</Filter>
    </ClInclude>
    <ClInclude Include="include\weapon.h">
      <Filter>Header Files</Filter>
    </ClInclude>
    <ClInclude Include="include\stat_components\weapon_base_atk_stat_component.h">
      <Filter>Header Files</Filter>
    </ClInclude>
    <ClInclude Include="include\stat_components\weapon_secondary_stat_component.h">
      <Filter>Header Files</Filter>
    </ClInclude>
    <ClInclude Include="include\artifact.h">
      <Filter>Header Files</Filter>
    </ClInclude>
    <ClInclude Include="include\talent_data.h">
      <Filter>Header Files</Filter>
    </ClInclude>
    <ClInclude Include="include\events\damage_data.h">
      <Filter>Header Files</Filter>
    </ClInclude>
    <ClInclude Include="include\damage_info.h">
      <Filter>Header Files</Filter>
    </ClInclude>
    <ClInclude Include="include\read_data.h">
      <Filter>Header Files</Filter>
    </ClInclude>
    <ClInclude Include="include\features\static_feature.h">
      <Filter>Header Files\features</Filter>
    </ClInclude>
    <ClInclude Include="include\events\normal_talent_event.h">
      <Filter>Header Files</Filter>
    </ClInclude>
    <ClInclude Include="include\events\skill_talent_event.h">
      <Filter>Header Files</Filter>
    </ClInclude>
    <ClInclude Include="include\events\burst_talent_event.h">
      <Filter>Header Files</Filter>
    </ClInclude>
    <ClInclude Include="include\events\charged_talent_event.h">
      <Filter>Header Files</Filter>
    </ClInclude>
    <ClInclude Include="include\events\particle_event.h">
      <Filter>Header Files</Filter>
    </ClInclude>
    <ClInclude Include="include\damage_calculation.h">
      <Filter>Header Files</Filter>
    </ClInclude>
    <ClInclude Include="include\monster.h">
      <Filter>Header Files</Filter>
    </ClInclude>
    <ClInclude Include="include\enemy.h">
      <Filter>Header Files</Filter>
    </ClInclude>
    <ClInclude Include="include\features\dynamic_feature.h">
      <Filter>Header Files</Filter>
    </ClInclude>
    <ClInclude Include="include\features\temporary_decorator.h">
      <Filter>Header Files</Filter>
    </ClInclude>
    <ClInclude Include="include\features\abstract_feature.h">
      <Filter>Header Files</Filter>
    </ClInclude>
    <ClInclude Include="include\features\feature_data.h">
      <Filter>Header Files</Filter>
    </ClInclude>
    <ClInclude Include="include\features\stat_modifier_decorator.h">
      <Filter>Header Files</Filter>
    </ClInclude>
    <ClInclude Include="include\talent_scaling.h">
      <Filter>Header Files</Filter>
    </ClInclude>
    <ClInclude Include="include\characters\amber.h">
      <Filter>Header Files</Filter>
    </ClInclude>
    <ClInclude Include="include\enums\damage_scaling_stat.h">
      <Filter>Header Files</Filter>
    </ClInclude>
    <ClInclude Include="include\enums\stat.h">
      <Filter>Header Files</Filter>
    </ClInclude>
    <ClInclude Include="include\enums\element.h">
      <Filter>Header Files</Filter>
    </ClInclude>
    <ClInclude Include="include\enums\talent.h">
      <Filter>Header Files</Filter>
    </ClInclude>
    <ClInclude Include="include\enums\region.h">
      <Filter>Header Files</Filter>
    </ClInclude>
    <ClInclude Include="include\enums\weapon_type.h">
      <Filter>Header Files</Filter>
    </ClInclude>
    <ClInclude Include="include\enums\enum_maps.h">
      <Filter>Header Files</Filter>
    </ClInclude>
    <ClInclude Include="include\characters\barbara.h">
      <Filter>Header Files</Filter>
    </ClInclude>
    <ClInclude Include="include\gauges\elemental_gauges.h">
      <Filter>Header Files</Filter>
    </ClInclude>
    <ClInclude Include="include\events\transformative_reaction_event.h">
      <Filter>Header Files</Filter>
    </ClInclude>
    <ClInclude Include="include\enums\attentuation_group.h">
      <Filter>Header Files</Filter>
    </ClInclude>
    <ClInclude Include="include\enums\attenuation_tag.h">
      <Filter>Header Files</Filter>
    </ClInclude>
    <ClInclude Include="include\attenuation.h">
      <Filter>Header Files</Filter>
    </ClInclude>
    <ClInclude Include="include\enums\amplifying_reaction.h">
      <Filter>Header Files</Filter>
    </ClInclude>
    <ClInclude Include="include\enums\transformative_reaction.h">
      <Filter>Header Files</Filter>
    </ClInclude>
    <ClInclude Include="include\gauges\frozen_gauge.h">
      <Filter>Header Files</Filter>
    </ClInclude>
    <ClInclude Include="include\gauges\gauge_vector.h">
      <Filter>Header Files</Filter>
    </ClInclude>
    <ClInclude Include="include\weapons\swords\mistsplitter.h">
      <Filter>Header Files</Filter>
    </ClInclude>
    <ClInclude Include="include\weapons\weapon_dict.h">
      <Filter>Header Files</Filter>
    </ClInclude>
    <ClInclude Include="include\weapons\swords\skyward_blade.h">
      <Filter>Header Files</Filter>
    </ClInclude>
    <ClInclude Include="include\features\on_hit_decorator.h">
      <Filter>Header Files</Filter>
    </ClInclude>
    <ClInclude Include="include\events\linear_refine_damage_event.h">
      <Filter>Header Files</Filter>
    </ClInclude>
    <ClInclude Include="include\weapons\swords\freedom_sworn.h">
      <Filter>Header Files</Filter>
    </ClInclude>
    <ClInclude Include="include\features\feature_stat_container.h">
      <Filter>Header Files</Filter>
    </ClInclude>
    <ClInclude Include="include\stat_components\linear_refine_stat_modifier.h">
      <Filter>Header Files</Filter>
    </ClInclude>
  </ItemGroup>
</Project>